
Microsoft Visual Studio Solution File, Format Version 12.00
# Visual Studio Version 17
VisualStudioVersion = 17.9.34728.123
MinimumVisualStudioVersion = 10.0.40219.1
Project("{FAE04EC0-301F-11D3-BF4B-00C04F79EFBC}") = "Zadanie 3", "Zadanie 3\Zadanie 3.csproj", "{7AABB04A-31D5-4ABF-B739-BE601FE04A0C}"
EndProject
Global
	GlobalSection(SolutionConfigurationPlatforms) = preSolution
		Debug|Any CPU = Debug|Any CPU
		Release|Any CPU = Release|Any CPU
	EndGlobalSection
	GlobalSection(ProjectConfigurationPlatforms) = postSolution
		{7AABB04A-31D5-4ABF-B739-BE601FE04A0C}.Debug|Any CPU.ActiveCfg = Debug|Any CPU
		{7AABB04A-31D5-4ABF-B739-BE601FE04A0C}.Debug|Any CPU.Build.0 = Debug|Any CPU
		{7AABB04A-31D5-4ABF-B739-BE601FE04A0C}.Release|Any CPU.ActiveCfg = Release|Any CPU
		{7AABB04A-31D5-4ABF-B739-BE601FE04A0C}.Release|Any CPU.Build.0 = Release|Any CPU
	EndGlobalSection
	GlobalSection(SolutionProperties) = preSolution
		HideSolutionNode = FALSE
	EndGlobalSection
	GlobalSection(ExtensibilityGlobals) = postSolution
		SolutionGuid = {4BD4E780-1D06-471D-A723-683F9F40808B}
	EndGlobalSection
EndGlobal
